
Microsoft Visual Studio Solution File, Format Version 12.00
# Visual Studio 15
VisualStudioVersion = 15.0.27703.2026
MinimumVisualStudioVersion = 10.0.40219.1
Project("{FAE04EC0-301F-11D3-BF4B-00C04F79EFBC}") = "WindowsFormsApp2", "WindowsFormsApp2\WindowsFormsApp2.csproj", "{613002B6-2887-4240-8EB9-B7EEF07803BD}"
EndProject
Global
	GlobalSection(SolutionConfigurationPlatforms) = preSolution
		Debug|Any CPU = Debug|Any CPU
		Release|Any CPU = Release|Any CPU
	EndGlobalSection
	GlobalSection(ProjectConfigurationPlatforms) = postSolution
		{613002B6-2887-4240-8EB9-B7EEF07803BD}.Debug|Any CPU.ActiveCfg = Debug|Any CPU
		{613002B6-2887-4240-8EB9-B7EEF07803BD}.Debug|Any CPU.Build.0 = Debug|Any CPU
		{613002B6-2887-4240-8EB9-B7EEF07803BD}.Release|Any CPU.ActiveCfg = Release|Any CPU
		{613002B6-2887-4240-8EB9-B7EEF07803BD}.Release|Any CPU.Build.0 = Release|Any CPU
	EndGlobalSection
	GlobalSection(SolutionProperties) = preSolution
		HideSolutionNode = FALSE
	EndGlobalSection
	GlobalSection(ExtensibilityGlobals) = postSolution
		SolutionGuid = {A0399D60-53AE-4C0B-998A-2BAA3FF7D0AE}
	EndGlobalSection
EndGlobal
